// !$*UTF8*$!
{
	archiveVersion = 1;
	classes = {
	};
	objectVersion = 46;
	objects = {

/* Begin PBXBuildFile section */
		3F0E2EF217652A4A00D41BD6 /* MMDrawerBarButtonItem.m in Sources */ = {isa = PBXBuildFile; fileRef = 3F0E2EEB17652A4A00D41BD6 /* MMDrawerBarButtonItem.m */; };
		3F0E2EF317652A4A00D41BD6 /* MMDrawerController.m in Sources */ = {isa = PBXBuildFile; fileRef = 3F0E2EED17652A4A00D41BD6 /* MMDrawerController.m */; };
		3F0E2EF417652A4A00D41BD6 /* MMDrawerVisualState.m in Sources */ = {isa = PBXBuildFile; fileRef = 3F0E2EEF17652A4A00D41BD6 /* MMDrawerVisualState.m */; };
		3F0E2EF517652A4A00D41BD6 /* UIViewController+MMDrawerController.m in Sources */ = {isa = PBXBuildFile; fileRef = 3F0E2EF117652A4A00D41BD6 /* UIViewController+MMDrawerController.m */; };
		3F0E2F0717653F1900D41BD6 /* Constants.m in Sources */ = {isa = PBXBuildFile; fileRef = 3F0E2F0517653E3000D41BD6 /* Constants.m */; };
		3F0E2F08176544F100D41BD6 /* MMTableViewCell.m in Sources */ = {isa = PBXBuildFile; fileRef = 3F0E2EFE17652AA000D41BD6 /* MMTableViewCell.m */; };
		3F0E2F09176544F100D41BD6 /* MMSideDrawerTableViewCell.m in Sources */ = {isa = PBXBuildFile; fileRef = 3F0E2EFC17652AA000D41BD6 /* MMSideDrawerTableViewCell.m */; };
		3F0E2F0A176544F100D41BD6 /* MMCenterTableViewCell.m in Sources */ = {isa = PBXBuildFile; fileRef = 3F0E2EF817652AA000D41BD6 /* MMCenterTableViewCell.m */; };
		3F0E2F0B176544F100D41BD6 /* MMSideDrawerSectionHeaderView.m in Sources */ = {isa = PBXBuildFile; fileRef = 3F0E2EFA17652AA000D41BD6 /* MMSideDrawerSectionHeaderView.m */; };
		3F0E2F101765504200D41BD6 /* PrettyNavigationController.m in Sources */ = {isa = PBXBuildFile; fileRef = 3F0E2F0F1765504200D41BD6 /* PrettyNavigationController.m */; };
		3F0E2F251765508B00D41BD6 /* PrettyCustomViewTableViewCell.m in Sources */ = {isa = PBXBuildFile; fileRef = 3F0E2F131765508B00D41BD6 /* PrettyCustomViewTableViewCell.m */; };
		3F0E2F261765508B00D41BD6 /* PrettyGridTableViewCell.m in Sources */ = {isa = PBXBuildFile; fileRef = 3F0E2F151765508B00D41BD6 /* PrettyGridTableViewCell.m */; };
		3F0E2F271765508B00D41BD6 /* PrettySegmentedControlTableViewCell.m in Sources */ = {isa = PBXBuildFile; fileRef = 3F0E2F171765508B00D41BD6 /* PrettySegmentedControlTableViewCell.m */; };
		3F0E2F281765508B00D41BD6 /* PrettyTableViewCell.m in Sources */ = {isa = PBXBuildFile; fileRef = 3F0E2F191765508B00D41BD6 /* PrettyTableViewCell.m */; };
		3F0E2F291765508B00D41BD6 /* PrettyDrawing.m in Sources */ = {isa = PBXBuildFile; fileRef = 3F0E2F1B1765508B00D41BD6 /* PrettyDrawing.m */; };
		3F0E2F2A1765508B00D41BD6 /* PrettyNavigationBar.m in Sources */ = {isa = PBXBuildFile; fileRef = 3F0E2F1E1765508B00D41BD6 /* PrettyNavigationBar.m */; };
		3F0E2F2B1765508B00D41BD6 /* PrettyShadowPlainTableview.m in Sources */ = {isa = PBXBuildFile; fileRef = 3F0E2F201765508B00D41BD6 /* PrettyShadowPlainTableview.m */; };
		3F0E2F2C1765508B00D41BD6 /* PrettyTabBar.m in Sources */ = {isa = PBXBuildFile; fileRef = 3F0E2F221765508B00D41BD6 /* PrettyTabBar.m */; };
		3F0E2F2D1765508B00D41BD6 /* PrettyToolbar.m in Sources */ = {isa = PBXBuildFile; fileRef = 3F0E2F241765508B00D41BD6 /* PrettyToolbar.m */; };
		3F0E2F311767DC3D00D41BD6 /* AppIcons_Icon.png in Resources */ = {isa = PBXBuildFile; fileRef = 3F0E2F301767DC3D00D41BD6 /* AppIcons_Icon.png */; };
		3F0E2F331767DC4000D41BD6 /* AppIcons_Icon@2x.png in Resources */ = {isa = PBXBuildFile; fileRef = 3F0E2F321767DC4000D41BD6 /* AppIcons_Icon@2x.png */; };
		3F0E2F391767DCC200D41BD6 /* CompassSelected.png in Resources */ = {isa = PBXBuildFile; fileRef = 3F0E2F351767DCC200D41BD6 /* CompassSelected.png */; };
		3F0E2F3A1767DCC200D41BD6 /* CompassSelected@2x.png in Resources */ = {isa = PBXBuildFile; fileRef = 3F0E2F361767DCC200D41BD6 /* CompassSelected@2x.png */; };
		3F0E2F3B1767DCC200D41BD6 /* CompassUnselected.png in Resources */ = {isa = PBXBuildFile; fileRef = 3F0E2F371767DCC200D41BD6 /* CompassUnselected.png */; };
		3F0E2F3C1767DCC200D41BD6 /* CompassUnselected@2x.png in Resources */ = {isa = PBXBuildFile; fileRef = 3F0E2F381767DCC200D41BD6 /* CompassUnselected@2x.png */; };
		3F60C4261763BE140043EB2A /* UIKit.framework in Frameworks */ = {isa = PBXBuildFile; fileRef = 3F60C4251763BE140043EB2A /* UIKit.framework */; };
		3F60C4281763BE140043EB2A /* Foundation.framework in Frameworks */ = {isa = PBXBuildFile; fileRef = 3F60C4271763BE140043EB2A /* Foundation.framework */; };
		3F60C42A1763BE140043EB2A /* CoreGraphics.framework in Frameworks */ = {isa = PBXBuildFile; fileRef = 3F60C4291763BE140043EB2A /* CoreGraphics.framework */; };
		3F60C42C1763BE140043EB2A /* CoreData.framework in Frameworks */ = {isa = PBXBuildFile; fileRef = 3F60C42B1763BE140043EB2A /* CoreData.framework */; };
		3F60C4321763BE140043EB2A /* InfoPlist.strings in Resources */ = {isa = PBXBuildFile; fileRef = 3F60C4301763BE140043EB2A /* InfoPlist.strings */; };
		3F60C4341763BE140043EB2A /* main.m in Sources */ = {isa = PBXBuildFile; fileRef = 3F60C4331763BE140043EB2A /* main.m */; };
		3F60C4381763BE140043EB2A /* MMAppDelegate.m in Sources */ = {isa = PBXBuildFile; fileRef = 3F60C4371763BE140043EB2A /* MMAppDelegate.m */; };
		3F60C43A1763BE140043EB2A /* Default.png in Resources */ = {isa = PBXBuildFile; fileRef = 3F60C4391763BE140043EB2A /* Default.png */; };
		3F60C43C1763BE140043EB2A /* Default@2x.png in Resources */ = {isa = PBXBuildFile; fileRef = 3F60C43B1763BE140043EB2A /* Default@2x.png */; };
		3F60C43E1763BE140043EB2A /* Default-568h@2x.png in Resources */ = {isa = PBXBuildFile; fileRef = 3F60C43D1763BE140043EB2A /* Default-568h@2x.png */; };
		3F60C4411763BE140043EB2A /* MapMessage.xcdatamodeld in Sources */ = {isa = PBXBuildFile; fileRef = 3F60C43F1763BE140043EB2A /* MapMessage.xcdatamodeld */; };
		3F60C4491763BE140043EB2A /* SenTestingKit.framework in Frameworks */ = {isa = PBXBuildFile; fileRef = 3F60C4481763BE140043EB2A /* SenTestingKit.framework */; };
		3F60C44A1763BE140043EB2A /* UIKit.framework in Frameworks */ = {isa = PBXBuildFile; fileRef = 3F60C4251763BE140043EB2A /* UIKit.framework */; };
		3F60C44B1763BE140043EB2A /* Foundation.framework in Frameworks */ = {isa = PBXBuildFile; fileRef = 3F60C4271763BE140043EB2A /* Foundation.framework */; };
		3F60C44C1763BE140043EB2A /* CoreData.framework in Frameworks */ = {isa = PBXBuildFile; fileRef = 3F60C42B1763BE140043EB2A /* CoreData.framework */; };
		3F60C4541763BE140043EB2A /* InfoPlist.strings in Resources */ = {isa = PBXBuildFile; fileRef = 3F60C4521763BE140043EB2A /* InfoPlist.strings */; };
		3F60C4571763BE140043EB2A /* MapMessageTests.m in Sources */ = {isa = PBXBuildFile; fileRef = 3F60C4561763BE140043EB2A /* MapMessageTests.m */; };
		3F60C4611763C0800043EB2A /* MessageUI.framework in Frameworks */ = {isa = PBXBuildFile; fileRef = 3F60C4601763C0800043EB2A /* MessageUI.framework */; };
		3F60C4641763C3270043EB2A /* iPhone.storyboard in Resources */ = {isa = PBXBuildFile; fileRef = 3F60C4631763C3270043EB2A /* iPhone.storyboard */; };
		3F60C4671763C3AA0043EB2A /* MapViewController.m in Sources */ = {isa = PBXBuildFile; fileRef = 3F60C4661763C3AA0043EB2A /* MapViewController.m */; };
		3F60C4691763C3CB0043EB2A /* MapKit.framework in Frameworks */ = {isa = PBXBuildFile; fileRef = 3F60C4681763C3CB0043EB2A /* MapKit.framework */; };
		3F60C46D1763CE140043EB2A /* CoreLocation.framework in Frameworks */ = {isa = PBXBuildFile; fileRef = 3F60C46C1763CE140043EB2A /* CoreLocation.framework */; };
		3F60C4711763F3A70043EB2A /* URLParser.m in Sources */ = {isa = PBXBuildFile; fileRef = 3F60C4701763F3A70043EB2A /* URLParser.m */; };
		3F60C4751763F64C0043EB2A /* BZLocation.m in Sources */ = {isa = PBXBuildFile; fileRef = 3F60C4741763F64C0043EB2A /* BZLocation.m */; };
		3F81111B1764195400975702 /* HistoryViewController.m in Sources */ = {isa = PBXBuildFile; fileRef = 3F81111A1764195400975702 /* HistoryViewController.m */; };
		3F81111D176419B600975702 /* QuartzCore.framework in Frameworks */ = {isa = PBXBuildFile; fileRef = 3F81111C176419B600975702 /* QuartzCore.framework */; };
		3F81112117642EE300975702 /* LocationModel.m in Sources */ = {isa = PBXBuildFile; fileRef = 3F81112017642EE300975702 /* LocationModel.m */; };
		3FFA27271767DD9700E7B9F3 /* header.png in Resources */ = {isa = PBXBuildFile; fileRef = 3FFA271F1767DD9700E7B9F3 /* header.png */; };
		3FFA27281767DD9700E7B9F3 /* header@2x.png in Resources */ = {isa = PBXBuildFile; fileRef = 3FFA27201767DD9700E7B9F3 /* header@2x.png */; };
		3FFA27291767DD9700E7B9F3 /* plus.png in Resources */ = {isa = PBXBuildFile; fileRef = 3FFA27211767DD9700E7B9F3 /* plus.png */; };
		3FFA272A1767DD9700E7B9F3 /* plus@2x.png in Resources */ = {isa = PBXBuildFile; fileRef = 3FFA27221767DD9700E7B9F3 /* plus@2x.png */; };
		3FFA272B1767DD9700E7B9F3 /* SidebarButton.png in Resources */ = {isa = PBXBuildFile; fileRef = 3FFA27231767DD9700E7B9F3 /* SidebarButton.png */; };
		3FFA272C1767DD9700E7B9F3 /* SidebarButton@2x.png in Resources */ = {isa = PBXBuildFile; fileRef = 3FFA27241767DD9700E7B9F3 /* SidebarButton@2x.png */; };
		3FFA272D1767DD9700E7B9F3 /* title.png in Resources */ = {isa = PBXBuildFile; fileRef = 3FFA27251767DD9700E7B9F3 /* title.png */; };
		3FFA272E1767DD9700E7B9F3 /* title@2x.png in Resources */ = {isa = PBXBuildFile; fileRef = 3FFA27261767DD9700E7B9F3 /* title@2x.png */; };
		3FFA273B1767E48200E7B9F3 /* Default.png in Resources */ = {isa = PBXBuildFile; fileRef = 3FFA273A1767E48200E7B9F3 /* Default.png */; };
		3FFA273D1767E48C00E7B9F3 /* Default@2x.png in Resources */ = {isa = PBXBuildFile; fileRef = 3FFA273C1767E48C00E7B9F3 /* Default@2x.png */; };
		3FFA273F1767E49400E7B9F3 /* Default-568h@2x.png in Resources */ = {isa = PBXBuildFile; fileRef = 3FFA273E1767E49400E7B9F3 /* Default-568h@2x.png */; };
		3FFF3CA51768FE7A00813BD9 /* README.md in Resources */ = {isa = PBXBuildFile; fileRef = 3FFF3C9E1768FE7A00813BD9 /* README.md */; };
		3FFF3CA61768FE7A00813BD9 /* RIButtonItem.m in Sources */ = {isa = PBXBuildFile; fileRef = 3FFF3CA01768FE7A00813BD9 /* RIButtonItem.m */; };
		3FFF3CA71768FE7A00813BD9 /* UIActionSheet+Blocks.m in Sources */ = {isa = PBXBuildFile; fileRef = 3FFF3CA21768FE7A00813BD9 /* UIActionSheet+Blocks.m */; };
		3FFF3CA81768FE7A00813BD9 /* UIAlertView+Blocks.m in Sources */ = {isa = PBXBuildFile; fileRef = 3FFF3CA41768FE7A00813BD9 /* UIAlertView+Blocks.m */; };
		EE6E827D1765E96C00A17859 /* RMSwipeTableViewCell.m in Sources */ = {isa = PBXBuildFile; fileRef = EE6E827A1765E96C00A17859 /* RMSwipeTableViewCell.m */; };
		EE6E827E1765E96C00A17859 /* README.md in Resources */ = {isa = PBXBuildFile; fileRef = EE6E827B1765E96C00A17859 /* README.md */; };
		EE6E827F1765E96C00A17859 /* LICENSE in Resources */ = {isa = PBXBuildFile; fileRef = EE6E827C1765E96C00A17859 /* LICENSE */; };
		EE6E82821765F15E00A17859 /* HistoryViewCell.m in Sources */ = {isa = PBXBuildFile; fileRef = EE6E82811765F15E00A17859 /* HistoryViewCell.m */; };
		EE6E828E1765F1B800A17859 /* CheckmarkGreen.png in Resources */ = {isa = PBXBuildFile; fileRef = EE6E82841765F1B800A17859 /* CheckmarkGreen.png */; };
		EE6E828F1765F1B800A17859 /* CheckmarkGreen@2x.png in Resources */ = {isa = PBXBuildFile; fileRef = EE6E82851765F1B800A17859 /* CheckmarkGreen@2x.png */; };
		EE6E82901765F1B800A17859 /* CheckmarkGrey.png in Resources */ = {isa = PBXBuildFile; fileRef = EE6E82861765F1B800A17859 /* CheckmarkGrey.png */; };
		EE6E82911765F1B800A17859 /* CheckmarkGrey@2x.png in Resources */ = {isa = PBXBuildFile; fileRef = EE6E82871765F1B800A17859 /* CheckmarkGrey@2x.png */; };
		EE6E82921765F1B800A17859 /* CheckmarkProfileImage.png in Resources */ = {isa = PBXBuildFile; fileRef = EE6E82881765F1B800A17859 /* CheckmarkProfileImage.png */; };
		EE6E82931765F1B800A17859 /* CheckmarkProfileImage@2x.png in Resources */ = {isa = PBXBuildFile; fileRef = EE6E82891765F1B800A17859 /* CheckmarkProfileImage@2x.png */; };
		EE6E82941765F1B800A17859 /* DeleteGrey.png in Resources */ = {isa = PBXBuildFile; fileRef = EE6E828A1765F1B800A17859 /* DeleteGrey.png */; };
		EE6E82951765F1B800A17859 /* DeleteGrey@2x.png in Resources */ = {isa = PBXBuildFile; fileRef = EE6E828B1765F1B800A17859 /* DeleteGrey@2x.png */; };
		EE6E82961765F1B800A17859 /* DeleteRed.png in Resources */ = {isa = PBXBuildFile; fileRef = EE6E828C1765F1B800A17859 /* DeleteRed.png */; };
		EE6E82971765F1B800A17859 /* DeleteRed@2x.png in Resources */ = {isa = PBXBuildFile; fileRef = EE6E828D1765F1B800A17859 /* DeleteRed@2x.png */; };
		EE6E82A217660E9200A17859 /* KMLParser.m in Sources */ = {isa = PBXBuildFile; fileRef = EE6E82A117660E9200A17859 /* KMLParser.m */; };
		EE6E82A517660FBB00A17859 /* BZOverlay.m in Sources */ = {isa = PBXBuildFile; fileRef = EE6E82A417660FBB00A17859 /* BZOverlay.m */; };
/* End PBXBuildFile section */

/* Begin PBXContainerItemProxy section */
		3F60C44D1763BE140043EB2A /* PBXContainerItemProxy */ = {
			isa = PBXContainerItemProxy;
			containerPortal = 3F60C41A1763BE140043EB2A /* Project object */;
			proxyType = 1;
			remoteGlobalIDString = 3F60C4211763BE140043EB2A;
			remoteInfo = MampMessage;
		};
/* End PBXContainerItemProxy section */

/* Begin PBXFileReference section */
		3F0E2EEA17652A4A00D41BD6 /* MMDrawerBarButtonItem.h */ = {isa = PBXFileReference; fileEncoding = 4; lastKnownFileType = sourcecode.c.h; path = MMDrawerBarButtonItem.h; sourceTree = "<group>"; };
		3F0E2EEB17652A4A00D41BD6 /* MMDrawerBarButtonItem.m */ = {isa = PBXFileReference; fileEncoding = 4; lastKnownFileType = sourcecode.c.objc; path = MMDrawerBarButtonItem.m; sourceTree = "<group>"; };
		3F0E2EEC17652A4A00D41BD6 /* MMDrawerController.h */ = {isa = PBXFileReference; fileEncoding = 4; lastKnownFileType = sourcecode.c.h; path = MMDrawerController.h; sourceTree = "<group>"; };
		3F0E2EED17652A4A00D41BD6 /* MMDrawerController.m */ = {isa = PBXFileReference; fileEncoding = 4; lastKnownFileType = sourcecode.c.objc; path = MMDrawerController.m; sourceTree = "<group>"; };
		3F0E2EEE17652A4A00D41BD6 /* MMDrawerVisualState.h */ = {isa = PBXFileReference; fileEncoding = 4; lastKnownFileType = sourcecode.c.h; path = MMDrawerVisualState.h; sourceTree = "<group>"; };
		3F0E2EEF17652A4A00D41BD6 /* MMDrawerVisualState.m */ = {isa = PBXFileReference; fileEncoding = 4; lastKnownFileType = sourcecode.c.objc; path = MMDrawerVisualState.m; sourceTree = "<group>"; };
		3F0E2EF017652A4A00D41BD6 /* UIViewController+MMDrawerController.h */ = {isa = PBXFileReference; fileEncoding = 4; lastKnownFileType = sourcecode.c.h; path = "UIViewController+MMDrawerController.h"; sourceTree = "<group>"; };
		3F0E2EF117652A4A00D41BD6 /* UIViewController+MMDrawerController.m */ = {isa = PBXFileReference; fileEncoding = 4; lastKnownFileType = sourcecode.c.objc; path = "UIViewController+MMDrawerController.m"; sourceTree = "<group>"; };
		3F0E2EF717652AA000D41BD6 /* MMCenterTableViewCell.h */ = {isa = PBXFileReference; fileEncoding = 4; lastKnownFileType = sourcecode.c.h; path = MMCenterTableViewCell.h; sourceTree = "<group>"; };
		3F0E2EF817652AA000D41BD6 /* MMCenterTableViewCell.m */ = {isa = PBXFileReference; fileEncoding = 4; lastKnownFileType = sourcecode.c.objc; path = MMCenterTableViewCell.m; sourceTree = "<group>"; };
		3F0E2EF917652AA000D41BD6 /* MMSideDrawerSectionHeaderView.h */ = {isa = PBXFileReference; fileEncoding = 4; lastKnownFileType = sourcecode.c.h; path = MMSideDrawerSectionHeaderView.h; sourceTree = "<group>"; };
		3F0E2EFA17652AA000D41BD6 /* MMSideDrawerSectionHeaderView.m */ = {isa = PBXFileReference; fileEncoding = 4; lastKnownFileType = sourcecode.c.objc; path = MMSideDrawerSectionHeaderView.m; sourceTree = "<group>"; };
		3F0E2EFB17652AA000D41BD6 /* MMSideDrawerTableViewCell.h */ = {isa = PBXFileReference; fileEncoding = 4; lastKnownFileType = sourcecode.c.h; path = MMSideDrawerTableViewCell.h; sourceTree = "<group>"; };
		3F0E2EFC17652AA000D41BD6 /* MMSideDrawerTableViewCell.m */ = {isa = PBXFileReference; fileEncoding = 4; lastKnownFileType = sourcecode.c.objc; path = MMSideDrawerTableViewCell.m; sourceTree = "<group>"; };
		3F0E2EFD17652AA000D41BD6 /* MMTableViewCell.h */ = {isa = PBXFileReference; fileEncoding = 4; lastKnownFileType = sourcecode.c.h; path = MMTableViewCell.h; sourceTree = "<group>"; };
		3F0E2EFE17652AA000D41BD6 /* MMTableViewCell.m */ = {isa = PBXFileReference; fileEncoding = 4; lastKnownFileType = sourcecode.c.objc; path = MMTableViewCell.m; sourceTree = "<group>"; };
		3F0E2F0417653E3000D41BD6 /* Constants.h */ = {isa = PBXFileReference; fileEncoding = 4; lastKnownFileType = sourcecode.c.h; path = Constants.h; sourceTree = "<group>"; };
		3F0E2F0517653E3000D41BD6 /* Constants.m */ = {isa = PBXFileReference; fileEncoding = 4; lastKnownFileType = sourcecode.c.objc; path = Constants.m; sourceTree = "<group>"; };
		3F0E2F0E1765504200D41BD6 /* PrettyNavigationController.h */ = {isa = PBXFileReference; fileEncoding = 4; lastKnownFileType = sourcecode.c.h; name = PrettyNavigationController.h; path = PrettyKit/PrettyNavigationController.h; sourceTree = "<group>"; };
		3F0E2F0F1765504200D41BD6 /* PrettyNavigationController.m */ = {isa = PBXFileReference; fileEncoding = 4; lastKnownFileType = sourcecode.c.objc; name = PrettyNavigationController.m; path = PrettyKit/PrettyNavigationController.m; sourceTree = "<group>"; };
		3F0E2F121765508B00D41BD6 /* PrettyCustomViewTableViewCell.h */ = {isa = PBXFileReference; fileEncoding = 4; lastKnownFileType = sourcecode.c.h; path = PrettyCustomViewTableViewCell.h; sourceTree = "<group>"; };
		3F0E2F131765508B00D41BD6 /* PrettyCustomViewTableViewCell.m */ = {isa = PBXFileReference; fileEncoding = 4; lastKnownFileType = sourcecode.c.objc; path = PrettyCustomViewTableViewCell.m; sourceTree = "<group>"; };
		3F0E2F141765508B00D41BD6 /* PrettyGridTableViewCell.h */ = {isa = PBXFileReference; fileEncoding = 4; lastKnownFileType = sourcecode.c.h; path = PrettyGridTableViewCell.h; sourceTree = "<group>"; };
		3F0E2F151765508B00D41BD6 /* PrettyGridTableViewCell.m */ = {isa = PBXFileReference; fileEncoding = 4; lastKnownFileType = sourcecode.c.objc; path = PrettyGridTableViewCell.m; sourceTree = "<group>"; };
		3F0E2F161765508B00D41BD6 /* PrettySegmentedControlTableViewCell.h */ = {isa = PBXFileReference; fileEncoding = 4; lastKnownFileType = sourcecode.c.h; path = PrettySegmentedControlTableViewCell.h; sourceTree = "<group>"; };
		3F0E2F171765508B00D41BD6 /* PrettySegmentedControlTableViewCell.m */ = {isa = PBXFileReference; fileEncoding = 4; lastKnownFileType = sourcecode.c.objc; path = PrettySegmentedControlTableViewCell.m; sourceTree = "<group>"; };
		3F0E2F181765508B00D41BD6 /* PrettyTableViewCell.h */ = {isa = PBXFileReference; fileEncoding = 4; lastKnownFileType = sourcecode.c.h; path = PrettyTableViewCell.h; sourceTree = "<group>"; };
		3F0E2F191765508B00D41BD6 /* PrettyTableViewCell.m */ = {isa = PBXFileReference; fileEncoding = 4; lastKnownFileType = sourcecode.c.objc; path = PrettyTableViewCell.m; sourceTree = "<group>"; };
		3F0E2F1A1765508B00D41BD6 /* PrettyDrawing.h */ = {isa = PBXFileReference; fileEncoding = 4; lastKnownFileType = sourcecode.c.h; name = PrettyDrawing.h; path = PrettyKit/PrettyDrawing.h; sourceTree = "<group>"; };
		3F0E2F1B1765508B00D41BD6 /* PrettyDrawing.m */ = {isa = PBXFileReference; fileEncoding = 4; lastKnownFileType = sourcecode.c.objc; name = PrettyDrawing.m; path = PrettyKit/PrettyDrawing.m; sourceTree = "<group>"; };
		3F0E2F1C1765508B00D41BD6 /* PrettyKit.h */ = {isa = PBXFileReference; fileEncoding = 4; lastKnownFileType = sourcecode.c.h; name = PrettyKit.h; path = PrettyKit/PrettyKit.h; sourceTree = "<group>"; };
		3F0E2F1D1765508B00D41BD6 /* PrettyNavigationBar.h */ = {isa = PBXFileReference; fileEncoding = 4; lastKnownFileType = sourcecode.c.h; name = PrettyNavigationBar.h; path = PrettyKit/PrettyNavigationBar.h; sourceTree = "<group>"; };
		3F0E2F1E1765508B00D41BD6 /* PrettyNavigationBar.m */ = {isa = PBXFileReference; fileEncoding = 4; lastKnownFileType = sourcecode.c.objc; name = PrettyNavigationBar.m; path = PrettyKit/PrettyNavigationBar.m; sourceTree = "<group>"; };
		3F0E2F1F1765508B00D41BD6 /* PrettyShadowPlainTableview.h */ = {isa = PBXFileReference; fileEncoding = 4; lastKnownFileType = sourcecode.c.h; name = PrettyShadowPlainTableview.h; path = PrettyKit/PrettyShadowPlainTableview.h; sourceTree = "<group>"; };
		3F0E2F201765508B00D41BD6 /* PrettyShadowPlainTableview.m */ = {isa = PBXFileReference; fileEncoding = 4; lastKnownFileType = sourcecode.c.objc; name = PrettyShadowPlainTableview.m; path = PrettyKit/PrettyShadowPlainTableview.m; sourceTree = "<group>"; };
		3F0E2F211765508B00D41BD6 /* PrettyTabBar.h */ = {isa = PBXFileReference; fileEncoding = 4; lastKnownFileType = sourcecode.c.h; name = PrettyTabBar.h; path = PrettyKit/PrettyTabBar.h; sourceTree = "<group>"; };
		3F0E2F221765508B00D41BD6 /* PrettyTabBar.m */ = {isa = PBXFileReference; fileEncoding = 4; lastKnownFileType = sourcecode.c.objc; name = PrettyTabBar.m; path = PrettyKit/PrettyTabBar.m; sourceTree = "<group>"; };
		3F0E2F231765508B00D41BD6 /* PrettyToolbar.h */ = {isa = PBXFileReference; fileEncoding = 4; lastKnownFileType = sourcecode.c.h; name = PrettyToolbar.h; path = PrettyKit/PrettyToolbar.h; sourceTree = "<group>"; };
		3F0E2F241765508B00D41BD6 /* PrettyToolbar.m */ = {isa = PBXFileReference; fileEncoding = 4; lastKnownFileType = sourcecode.c.objc; name = PrettyToolbar.m; path = PrettyKit/PrettyToolbar.m; sourceTree = "<group>"; };
		3F0E2F301767DC3D00D41BD6 /* AppIcons_Icon.png */ = {isa = PBXFileReference; lastKnownFileType = image.png; name = AppIcons_Icon.png; path = ../AppIcons_Icon.png; sourceTree = "<group>"; };
		3F0E2F321767DC4000D41BD6 /* AppIcons_Icon@2x.png */ = {isa = PBXFileReference; lastKnownFileType = image.png; name = "AppIcons_Icon@2x.png"; path = "../AppIcons_Icon@2x.png"; sourceTree = "<group>"; };
		3F0E2F351767DCC200D41BD6 /* CompassSelected.png */ = {isa = PBXFileReference; lastKnownFileType = image.png; path = CompassSelected.png; sourceTree = "<group>"; };
		3F0E2F361767DCC200D41BD6 /* CompassSelected@2x.png */ = {isa = PBXFileReference; lastKnownFileType = image.png; path = "CompassSelected@2x.png"; sourceTree = "<group>"; };
		3F0E2F371767DCC200D41BD6 /* CompassUnselected.png */ = {isa = PBXFileReference; lastKnownFileType = image.png; path = CompassUnselected.png; sourceTree = "<group>"; };
		3F0E2F381767DCC200D41BD6 /* CompassUnselected@2x.png */ = {isa = PBXFileReference; lastKnownFileType = image.png; path = "CompassUnselected@2x.png"; sourceTree = "<group>"; };
		3F60C4221763BE140043EB2A /* MapMessage.app */ = {isa = PBXFileReference; explicitFileType = wrapper.application; includeInIndex = 0; path = MapMessage.app; sourceTree = BUILT_PRODUCTS_DIR; };
		3F60C4251763BE140043EB2A /* UIKit.framework */ = {isa = PBXFileReference; lastKnownFileType = wrapper.framework; name = UIKit.framework; path = System/Library/Frameworks/UIKit.framework; sourceTree = SDKROOT; };
		3F60C4271763BE140043EB2A /* Foundation.framework */ = {isa = PBXFileReference; lastKnownFileType = wrapper.framework; name = Foundation.framework; path = System/Library/Frameworks/Foundation.framework; sourceTree = SDKROOT; };
		3F60C4291763BE140043EB2A /* CoreGraphics.framework */ = {isa = PBXFileReference; lastKnownFileType = wrapper.framework; name = CoreGraphics.framework; path = System/Library/Frameworks/CoreGraphics.framework; sourceTree = SDKROOT; };
		3F60C42B1763BE140043EB2A /* CoreData.framework */ = {isa = PBXFileReference; lastKnownFileType = wrapper.framework; name = CoreData.framework; path = System/Library/Frameworks/CoreData.framework; sourceTree = SDKROOT; };
		3F60C42F1763BE140043EB2A /* MapMessage-Info.plist */ = {isa = PBXFileReference; lastKnownFileType = text.plist.xml; path = "MapMessage-Info.plist"; sourceTree = "<group>"; };
		3F60C4311763BE140043EB2A /* en */ = {isa = PBXFileReference; lastKnownFileType = text.plist.strings; name = en; path = en.lproj/InfoPlist.strings; sourceTree = "<group>"; };
		3F60C4331763BE140043EB2A /* main.m */ = {isa = PBXFileReference; lastKnownFileType = sourcecode.c.objc; path = main.m; sourceTree = "<group>"; };
		3F60C4351763BE140043EB2A /* MapMessage-Prefix.pch */ = {isa = PBXFileReference; lastKnownFileType = sourcecode.c.h; path = "MapMessage-Prefix.pch"; sourceTree = "<group>"; };
		3F60C4361763BE140043EB2A /* MMAppDelegate.h */ = {isa = PBXFileReference; lastKnownFileType = sourcecode.c.h; path = MMAppDelegate.h; sourceTree = "<group>"; };
		3F60C4371763BE140043EB2A /* MMAppDelegate.m */ = {isa = PBXFileReference; lastKnownFileType = sourcecode.c.objc; path = MMAppDelegate.m; sourceTree = "<group>"; };
		3F60C4391763BE140043EB2A /* Default.png */ = {isa = PBXFileReference; lastKnownFileType = image.png; path = Default.png; sourceTree = "<group>"; };
		3F60C43B1763BE140043EB2A /* Default@2x.png */ = {isa = PBXFileReference; lastKnownFileType = image.png; path = "Default@2x.png"; sourceTree = "<group>"; };
		3F60C43D1763BE140043EB2A /* Default-568h@2x.png */ = {isa = PBXFileReference; lastKnownFileType = image.png; path = "Default-568h@2x.png"; sourceTree = "<group>"; };
		3F60C4401763BE140043EB2A /* MapMessage.xcdatamodel */ = {isa = PBXFileReference; lastKnownFileType = wrapper.xcdatamodel; path = MapMessage.xcdatamodel; sourceTree = "<group>"; };
		3F60C4471763BE140043EB2A /* MapMessageTests.octest */ = {isa = PBXFileReference; explicitFileType = wrapper.cfbundle; includeInIndex = 0; path = MapMessageTests.octest; sourceTree = BUILT_PRODUCTS_DIR; };
		3F60C4481763BE140043EB2A /* SenTestingKit.framework */ = {isa = PBXFileReference; lastKnownFileType = wrapper.framework; name = SenTestingKit.framework; path = Library/Frameworks/SenTestingKit.framework; sourceTree = DEVELOPER_DIR; };
		3F60C4511763BE140043EB2A /* MapMessageTests-Info.plist */ = {isa = PBXFileReference; lastKnownFileType = text.plist.xml; path = "MapMessageTests-Info.plist"; sourceTree = "<group>"; };
		3F60C4531763BE140043EB2A /* en */ = {isa = PBXFileReference; lastKnownFileType = text.plist.strings; name = en; path = en.lproj/InfoPlist.strings; sourceTree = "<group>"; };
		3F60C4551763BE140043EB2A /* MapMessageTests.h */ = {isa = PBXFileReference; lastKnownFileType = sourcecode.c.h; path = MapMessageTests.h; sourceTree = "<group>"; };
		3F60C4561763BE140043EB2A /* MapMessageTests.m */ = {isa = PBXFileReference; lastKnownFileType = sourcecode.c.objc; path = MapMessageTests.m; sourceTree = "<group>"; };
		3F60C4601763C0800043EB2A /* MessageUI.framework */ = {isa = PBXFileReference; lastKnownFileType = wrapper.framework; name = MessageUI.framework; path = System/Library/Frameworks/MessageUI.framework; sourceTree = SDKROOT; };
		3F60C4631763C3270043EB2A /* iPhone.storyboard */ = {isa = PBXFileReference; fileEncoding = 4; lastKnownFileType = file.storyboard; path = iPhone.storyboard; sourceTree = "<group>"; };
		3F60C4651763C3AA0043EB2A /* MapViewController.h */ = {isa = PBXFileReference; fileEncoding = 4; lastKnownFileType = sourcecode.c.h; path = MapViewController.h; sourceTree = "<group>"; };
		3F60C4661763C3AA0043EB2A /* MapViewController.m */ = {isa = PBXFileReference; fileEncoding = 4; lastKnownFileType = sourcecode.c.objc; path = MapViewController.m; sourceTree = "<group>"; };
		3F60C4681763C3CB0043EB2A /* MapKit.framework */ = {isa = PBXFileReference; lastKnownFileType = wrapper.framework; name = MapKit.framework; path = System/Library/Frameworks/MapKit.framework; sourceTree = SDKROOT; };
		3F60C46C1763CE140043EB2A /* CoreLocation.framework */ = {isa = PBXFileReference; lastKnownFileType = wrapper.framework; name = CoreLocation.framework; path = System/Library/Frameworks/CoreLocation.framework; sourceTree = SDKROOT; };
		3F60C46F1763F3A70043EB2A /* URLParser.h */ = {isa = PBXFileReference; fileEncoding = 4; lastKnownFileType = sourcecode.c.h; path = URLParser.h; sourceTree = "<group>"; };
		3F60C4701763F3A70043EB2A /* URLParser.m */ = {isa = PBXFileReference; fileEncoding = 4; lastKnownFileType = sourcecode.c.objc; path = URLParser.m; sourceTree = "<group>"; };
		3F60C4731763F64C0043EB2A /* BZLocation.h */ = {isa = PBXFileReference; fileEncoding = 4; lastKnownFileType = sourcecode.c.h; path = BZLocation.h; sourceTree = "<group>"; };
		3F60C4741763F64C0043EB2A /* BZLocation.m */ = {isa = PBXFileReference; fileEncoding = 4; lastKnownFileType = sourcecode.c.objc; path = BZLocation.m; sourceTree = "<group>"; };
		3F8111191764195400975702 /* HistoryViewController.h */ = {isa = PBXFileReference; fileEncoding = 4; lastKnownFileType = sourcecode.c.h; path = HistoryViewController.h; sourceTree = "<group>"; };
		3F81111A1764195400975702 /* HistoryViewController.m */ = {isa = PBXFileReference; fileEncoding = 4; lastKnownFileType = sourcecode.c.objc; path = HistoryViewController.m; sourceTree = "<group>"; };
		3F81111C176419B600975702 /* QuartzCore.framework */ = {isa = PBXFileReference; lastKnownFileType = wrapper.framework; name = QuartzCore.framework; path = System/Library/Frameworks/QuartzCore.framework; sourceTree = SDKROOT; };
		3F81111F17642EE300975702 /* LocationModel.h */ = {isa = PBXFileReference; fileEncoding = 4; lastKnownFileType = sourcecode.c.h; path = LocationModel.h; sourceTree = "<group>"; };
		3F81112017642EE300975702 /* LocationModel.m */ = {isa = PBXFileReference; fileEncoding = 4; lastKnownFileType = sourcecode.c.objc; path = LocationModel.m; sourceTree = "<group>"; };
		3FFA271F1767DD9700E7B9F3 /* header.png */ = {isa = PBXFileReference; lastKnownFileType = image.png; path = header.png; sourceTree = "<group>"; };
		3FFA27201767DD9700E7B9F3 /* header@2x.png */ = {isa = PBXFileReference; lastKnownFileType = image.png; path = "header@2x.png"; sourceTree = "<group>"; };
		3FFA27211767DD9700E7B9F3 /* plus.png */ = {isa = PBXFileReference; lastKnownFileType = image.png; path = plus.png; sourceTree = "<group>"; };
		3FFA27221767DD9700E7B9F3 /* plus@2x.png */ = {isa = PBXFileReference; lastKnownFileType = image.png; path = "plus@2x.png"; sourceTree = "<group>"; };
		3FFA27231767DD9700E7B9F3 /* SidebarButton.png */ = {isa = PBXFileReference; lastKnownFileType = image.png; path = SidebarButton.png; sourceTree = "<group>"; };
		3FFA27241767DD9700E7B9F3 /* SidebarButton@2x.png */ = {isa = PBXFileReference; lastKnownFileType = image.png; path = "SidebarButton@2x.png"; sourceTree = "<group>"; };
		3FFA27251767DD9700E7B9F3 /* title.png */ = {isa = PBXFileReference; lastKnownFileType = image.png; path = title.png; sourceTree = "<group>"; };
		3FFA27261767DD9700E7B9F3 /* title@2x.png */ = {isa = PBXFileReference; lastKnownFileType = image.png; path = "title@2x.png"; sourceTree = "<group>"; };
		3FFA273A1767E48200E7B9F3 /* Default.png */ = {isa = PBXFileReference; lastKnownFileType = image.png; name = Default.png; path = ../Default.png; sourceTree = "<group>"; };
		3FFA273C1767E48C00E7B9F3 /* Default@2x.png */ = {isa = PBXFileReference; lastKnownFileType = image.png; name = "Default@2x.png"; path = "../Default@2x.png"; sourceTree = "<group>"; };
		3FFA273E1767E49400E7B9F3 /* Default-568h@2x.png */ = {isa = PBXFileReference; lastKnownFileType = image.png; name = "Default-568h@2x.png"; path = "../Default-568h@2x.png"; sourceTree = "<group>"; };
		3FFF3C9E1768FE7A00813BD9 /* README.md */ = {isa = PBXFileReference; fileEncoding = 4; lastKnownFileType = text; path = README.md; sourceTree = "<group>"; };
		3FFF3C9F1768FE7A00813BD9 /* RIButtonItem.h */ = {isa = PBXFileReference; fileEncoding = 4; lastKnownFileType = sourcecode.c.h; path = RIButtonItem.h; sourceTree = "<group>"; };
		3FFF3CA01768FE7A00813BD9 /* RIButtonItem.m */ = {isa = PBXFileReference; fileEncoding = 4; lastKnownFileType = sourcecode.c.objc; path = RIButtonItem.m; sourceTree = "<group>"; };
		3FFF3CA11768FE7A00813BD9 /* UIActionSheet+Blocks.h */ = {isa = PBXFileReference; fileEncoding = 4; lastKnownFileType = sourcecode.c.h; path = "UIActionSheet+Blocks.h"; sourceTree = "<group>"; };
		3FFF3CA21768FE7A00813BD9 /* UIActionSheet+Blocks.m */ = {isa = PBXFileReference; fileEncoding = 4; lastKnownFileType = sourcecode.c.objc; path = "UIActionSheet+Blocks.m"; sourceTree = "<group>"; };
		3FFF3CA31768FE7A00813BD9 /* UIAlertView+Blocks.h */ = {isa = PBXFileReference; fileEncoding = 4; lastKnownFileType = sourcecode.c.h; path = "UIAlertView+Blocks.h"; sourceTree = "<group>"; };
		3FFF3CA41768FE7A00813BD9 /* UIAlertView+Blocks.m */ = {isa = PBXFileReference; fileEncoding = 4; lastKnownFileType = sourcecode.c.objc; path = "UIAlertView+Blocks.m"; sourceTree = "<group>"; };
		EE6E82791765E96C00A17859 /* RMSwipeTableViewCell.h */ = {isa = PBXFileReference; fileEncoding = 4; lastKnownFileType = sourcecode.c.h; path = RMSwipeTableViewCell.h; sourceTree = "<group>"; };
		EE6E827A1765E96C00A17859 /* RMSwipeTableViewCell.m */ = {isa = PBXFileReference; fileEncoding = 4; lastKnownFileType = sourcecode.c.objc; path = RMSwipeTableViewCell.m; sourceTree = "<group>"; };
		EE6E827B1765E96C00A17859 /* README.md */ = {isa = PBXFileReference; fileEncoding = 4; lastKnownFileType = text; path = README.md; sourceTree = "<group>"; };
		EE6E827C1765E96C00A17859 /* LICENSE */ = {isa = PBXFileReference; fileEncoding = 4; lastKnownFileType = text; path = LICENSE; sourceTree = "<group>"; };
		EE6E82801765F15E00A17859 /* HistoryViewCell.h */ = {isa = PBXFileReference; fileEncoding = 4; lastKnownFileType = sourcecode.c.h; path = HistoryViewCell.h; sourceTree = "<group>"; };
		EE6E82811765F15E00A17859 /* HistoryViewCell.m */ = {isa = PBXFileReference; fileEncoding = 4; lastKnownFileType = sourcecode.c.objc; path = HistoryViewCell.m; sourceTree = "<group>"; };
		EE6E82841765F1B800A17859 /* CheckmarkGreen.png */ = {isa = PBXFileReference; lastKnownFileType = image.png; path = CheckmarkGreen.png; sourceTree = "<group>"; };
		EE6E82851765F1B800A17859 /* CheckmarkGreen@2x.png */ = {isa = PBXFileReference; lastKnownFileType = image.png; path = "CheckmarkGreen@2x.png"; sourceTree = "<group>"; };
		EE6E82861765F1B800A17859 /* CheckmarkGrey.png */ = {isa = PBXFileReference; lastKnownFileType = image.png; path = CheckmarkGrey.png; sourceTree = "<group>"; };
		EE6E82871765F1B800A17859 /* CheckmarkGrey@2x.png */ = {isa = PBXFileReference; lastKnownFileType = image.png; path = "CheckmarkGrey@2x.png"; sourceTree = "<group>"; };
		EE6E82881765F1B800A17859 /* CheckmarkProfileImage.png */ = {isa = PBXFileReference; lastKnownFileType = image.png; path = CheckmarkProfileImage.png; sourceTree = "<group>"; };
		EE6E82891765F1B800A17859 /* CheckmarkProfileImage@2x.png */ = {isa = PBXFileReference; lastKnownFileType = image.png; path = "CheckmarkProfileImage@2x.png"; sourceTree = "<group>"; };
		EE6E828A1765F1B800A17859 /* DeleteGrey.png */ = {isa = PBXFileReference; lastKnownFileType = image.png; path = DeleteGrey.png; sourceTree = "<group>"; };
		EE6E828B1765F1B800A17859 /* DeleteGrey@2x.png */ = {isa = PBXFileReference; lastKnownFileType = image.png; path = "DeleteGrey@2x.png"; sourceTree = "<group>"; };
		EE6E828C1765F1B800A17859 /* DeleteRed.png */ = {isa = PBXFileReference; lastKnownFileType = image.png; path = DeleteRed.png; sourceTree = "<group>"; };
		EE6E828D1765F1B800A17859 /* DeleteRed@2x.png */ = {isa = PBXFileReference; lastKnownFileType = image.png; path = "DeleteRed@2x.png"; sourceTree = "<group>"; };
		EE6E82A017660E9200A17859 /* KMLParser.h */ = {isa = PBXFileReference; fileEncoding = 4; lastKnownFileType = sourcecode.c.h; path = KMLParser.h; sourceTree = "<group>"; };
		EE6E82A117660E9200A17859 /* KMLParser.m */ = {isa = PBXFileReference; fileEncoding = 4; lastKnownFileType = sourcecode.c.objc; path = KMLParser.m; sourceTree = "<group>"; };
		EE6E82A317660FBB00A17859 /* BZOverlay.h */ = {isa = PBXFileReference; fileEncoding = 4; lastKnownFileType = sourcecode.c.h; path = BZOverlay.h; sourceTree = "<group>"; };
		EE6E82A417660FBB00A17859 /* BZOverlay.m */ = {isa = PBXFileReference; fileEncoding = 4; lastKnownFileType = sourcecode.c.objc; path = BZOverlay.m; sourceTree = "<group>"; };
/* End PBXFileReference section */

/* Begin PBXFrameworksBuildPhase section */
		3F60C41F1763BE140043EB2A /* Frameworks */ = {
			isa = PBXFrameworksBuildPhase;
			buildActionMask = 2147483647;
			files = (
				3F81111D176419B600975702 /* QuartzCore.framework in Frameworks */,
				3F60C46D1763CE140043EB2A /* CoreLocation.framework in Frameworks */,
				3F60C4691763C3CB0043EB2A /* MapKit.framework in Frameworks */,
				3F60C4611763C0800043EB2A /* MessageUI.framework in Frameworks */,
				3F60C4261763BE140043EB2A /* UIKit.framework in Frameworks */,
				3F60C4281763BE140043EB2A /* Foundation.framework in Frameworks */,
				3F60C42A1763BE140043EB2A /* CoreGraphics.framework in Frameworks */,
				3F60C42C1763BE140043EB2A /* CoreData.framework in Frameworks */,
			);
			runOnlyForDeploymentPostprocessing = 0;
		};
		3F60C4431763BE140043EB2A /* Frameworks */ = {
			isa = PBXFrameworksBuildPhase;
			buildActionMask = 2147483647;
			files = (
				3F60C4491763BE140043EB2A /* SenTestingKit.framework in Frameworks */,
				3F60C44A1763BE140043EB2A /* UIKit.framework in Frameworks */,
				3F60C44B1763BE140043EB2A /* Foundation.framework in Frameworks */,
				3F60C44C1763BE140043EB2A /* CoreData.framework in Frameworks */,
			);
			runOnlyForDeploymentPostprocessing = 0;
		};
/* End PBXFrameworksBuildPhase section */

/* Begin PBXGroup section */
		3F0E2EE917652A4A00D41BD6 /* MMDrawerController */ = {
			isa = PBXGroup;
			children = (
				3F0E2EF617652A9500D41BD6 /* TableViewHelpers */,
				3F0E2EEA17652A4A00D41BD6 /* MMDrawerBarButtonItem.h */,
				3F0E2EEB17652A4A00D41BD6 /* MMDrawerBarButtonItem.m */,
				3F0E2EEC17652A4A00D41BD6 /* MMDrawerController.h */,
				3F0E2EED17652A4A00D41BD6 /* MMDrawerController.m */,
				3F0E2EEE17652A4A00D41BD6 /* MMDrawerVisualState.h */,
				3F0E2EEF17652A4A00D41BD6 /* MMDrawerVisualState.m */,
				3F0E2EF017652A4A00D41BD6 /* UIViewController+MMDrawerController.h */,
				3F0E2EF117652A4A00D41BD6 /* UIViewController+MMDrawerController.m */,
			);
			path = MMDrawerController;
			sourceTree = "<group>";
		};
		3F0E2EF617652A9500D41BD6 /* TableViewHelpers */ = {
			isa = PBXGroup;
			children = (
				3F0E2EFD17652AA000D41BD6 /* MMTableViewCell.h */,
				3F0E2EFE17652AA000D41BD6 /* MMTableViewCell.m */,
				3F0E2EFB17652AA000D41BD6 /* MMSideDrawerTableViewCell.h */,
				3F0E2EFC17652AA000D41BD6 /* MMSideDrawerTableViewCell.m */,
				3F0E2EF717652AA000D41BD6 /* MMCenterTableViewCell.h */,
				3F0E2EF817652AA000D41BD6 /* MMCenterTableViewCell.m */,
				3F0E2EF917652AA000D41BD6 /* MMSideDrawerSectionHeaderView.h */,
				3F0E2EFA17652AA000D41BD6 /* MMSideDrawerSectionHeaderView.m */,
			);
			name = TableViewHelpers;
			sourceTree = "<group>";
		};
		3F0E2F0D1765502800D41BD6 /* PrettyKit */ = {
			isa = PBXGroup;
			children = (
				3F0E2F111765508B00D41BD6 /* Cells */,
				3F0E2F1A1765508B00D41BD6 /* PrettyDrawing.h */,
				3F0E2F1B1765508B00D41BD6 /* PrettyDrawing.m */,
				3F0E2F1C1765508B00D41BD6 /* PrettyKit.h */,
				3F0E2F1D1765508B00D41BD6 /* PrettyNavigationBar.h */,
				3F0E2F1E1765508B00D41BD6 /* PrettyNavigationBar.m */,
				3F0E2F1F1765508B00D41BD6 /* PrettyShadowPlainTableview.h */,
				3F0E2F201765508B00D41BD6 /* PrettyShadowPlainTableview.m */,
				3F0E2F211765508B00D41BD6 /* PrettyTabBar.h */,
				3F0E2F221765508B00D41BD6 /* PrettyTabBar.m */,
				3F0E2F231765508B00D41BD6 /* PrettyToolbar.h */,
				3F0E2F241765508B00D41BD6 /* PrettyToolbar.m */,
				3F0E2F0E1765504200D41BD6 /* PrettyNavigationController.h */,
				3F0E2F0F1765504200D41BD6 /* PrettyNavigationController.m */,
			);
			name = PrettyKit;
			sourceTree = "<group>";
		};
		3F0E2F111765508B00D41BD6 /* Cells */ = {
			isa = PBXGroup;
			children = (
				3F0E2F121765508B00D41BD6 /* PrettyCustomViewTableViewCell.h */,
				3F0E2F131765508B00D41BD6 /* PrettyCustomViewTableViewCell.m */,
				3F0E2F141765508B00D41BD6 /* PrettyGridTableViewCell.h */,
				3F0E2F151765508B00D41BD6 /* PrettyGridTableViewCell.m */,
				3F0E2F161765508B00D41BD6 /* PrettySegmentedControlTableViewCell.h */,
				3F0E2F171765508B00D41BD6 /* PrettySegmentedControlTableViewCell.m */,
				3F0E2F181765508B00D41BD6 /* PrettyTableViewCell.h */,
				3F0E2F191765508B00D41BD6 /* PrettyTableViewCell.m */,
			);
			name = Cells;
			path = PrettyKit/Cells;
			sourceTree = "<group>";
		};
		3F0E2F341767DCA400D41BD6 /* tableviews */ = {
			isa = PBXGroup;
			children = (
				EE6E82841765F1B800A17859 /* CheckmarkGreen.png */,
				EE6E82851765F1B800A17859 /* CheckmarkGreen@2x.png */,
				EE6E82861765F1B800A17859 /* CheckmarkGrey.png */,
				EE6E82871765F1B800A17859 /* CheckmarkGrey@2x.png */,
				EE6E82881765F1B800A17859 /* CheckmarkProfileImage.png */,
				EE6E82891765F1B800A17859 /* CheckmarkProfileImage@2x.png */,
				EE6E828A1765F1B800A17859 /* DeleteGrey.png */,
				EE6E828B1765F1B800A17859 /* DeleteGrey@2x.png */,
				EE6E828C1765F1B800A17859 /* DeleteRed.png */,
				EE6E828D1765F1B800A17859 /* DeleteRed@2x.png */,
			);
			name = tableviews;
			sourceTree = "<group>";
		};
		3F0E2F3D1767DCCA00D41BD6 /* compass */ = {
			isa = PBXGroup;
			children = (
				3F0E2F351767DCC200D41BD6 /* CompassSelected.png */,
				3F0E2F361767DCC200D41BD6 /* CompassSelected@2x.png */,
				3F0E2F371767DCC200D41BD6 /* CompassUnselected.png */,
				3F0E2F381767DCC200D41BD6 /* CompassUnselected@2x.png */,
			);
			name = compass;
			sourceTree = "<group>";
		};
		3F60C4191763BE140043EB2A = {
			isa = PBXGroup;
			children = (
				3F60C42D1763BE140043EB2A /* MapMessage */,
				3F60C44F1763BE140043EB2A /* MapMessageTests */,
				3F60C4241763BE140043EB2A /* Frameworks */,
				3F60C4231763BE140043EB2A /* Products */,
			);
			sourceTree = "<group>";
		};
		3F60C4231763BE140043EB2A /* Products */ = {
			isa = PBXGroup;
			children = (
				3F60C4221763BE140043EB2A /* MapMessage.app */,
				3F60C4471763BE140043EB2A /* MapMessageTests.octest */,
			);
			name = Products;
			sourceTree = "<group>";
		};
		3F60C4241763BE140043EB2A /* Frameworks */ = {
			isa = PBXGroup;
			children = (
				3F81111C176419B600975702 /* QuartzCore.framework */,
				3F60C46C1763CE140043EB2A /* CoreLocation.framework */,
				3F60C4681763C3CB0043EB2A /* MapKit.framework */,
				3F60C4601763C0800043EB2A /* MessageUI.framework */,
				3F60C4251763BE140043EB2A /* UIKit.framework */,
				3F60C4271763BE140043EB2A /* Foundation.framework */,
				3F60C4291763BE140043EB2A /* CoreGraphics.framework */,
				3F60C42B1763BE140043EB2A /* CoreData.framework */,
				3F60C4481763BE140043EB2A /* SenTestingKit.framework */,
			);
			name = Frameworks;
			sourceTree = "<group>";
		};
		3F60C42D1763BE140043EB2A /* MapMessage */ = {
			isa = PBXGroup;
			children = (
				3F81110E1764179F00975702 /* Libraries */,
				3F60C42E1763BE140043EB2A /* Supporting Files */,
				3F60C46B1763C48F0043EB2A /* Classes */,
				3F60C4361763BE140043EB2A /* MMAppDelegate.h */,
				3F60C4371763BE140043EB2A /* MMAppDelegate.m */,
				3F60C43F1763BE140043EB2A /* MapMessage.xcdatamodeld */,
				3F60C4631763C3270043EB2A /* iPhone.storyboard */,
			);
			name = MapMessage;
			path = MampMessage;
			sourceTree = "<group>";
		};
		3F60C42E1763BE140043EB2A /* Supporting Files */ = {
			isa = PBXGroup;
			children = (
				EE6E82831765F19E00A17859 /* images */,
				3F60C42F1763BE140043EB2A /* MapMessage-Info.plist */,
				3F60C4301763BE140043EB2A /* InfoPlist.strings */,
				3F60C4331763BE140043EB2A /* main.m */,
				3F60C4351763BE140043EB2A /* MapMessage-Prefix.pch */,
				3F60C4391763BE140043EB2A /* Default.png */,
				3F60C43B1763BE140043EB2A /* Default@2x.png */,
				3F60C43D1763BE140043EB2A /* Default-568h@2x.png */,
			);
			name = "Supporting Files";
			sourceTree = "<group>";
		};
		3F60C44F1763BE140043EB2A /* MapMessageTests */ = {
			isa = PBXGroup;
			children = (
				3F60C4551763BE140043EB2A /* MapMessageTests.h */,
				3F60C4561763BE140043EB2A /* MapMessageTests.m */,
				3F60C4501763BE140043EB2A /* Supporting Files */,
			);
			name = MapMessageTests;
			path = MampMessageTests;
			sourceTree = "<group>";
		};
		3F60C4501763BE140043EB2A /* Supporting Files */ = {
			isa = PBXGroup;
			children = (
				3F60C4511763BE140043EB2A /* MapMessageTests-Info.plist */,
				3F60C4521763BE140043EB2A /* InfoPlist.strings */,
			);
			name = "Supporting Files";
			sourceTree = "<group>";
		};
		3F60C46A1763C4810043EB2A /* views */ = {
			isa = PBXGroup;
			children = (
				3F60C4651763C3AA0043EB2A /* MapViewController.h */,
				3F60C4661763C3AA0043EB2A /* MapViewController.m */,
				3F8111191764195400975702 /* HistoryViewController.h */,
				3F81111A1764195400975702 /* HistoryViewController.m */,
				EE6E82801765F15E00A17859 /* HistoryViewCell.h */,
				EE6E82811765F15E00A17859 /* HistoryViewCell.m */,
			);
			name = views;
			sourceTree = "<group>";
		};
		3F60C46B1763C48F0043EB2A /* Classes */ = {
			isa = PBXGroup;
			children = (
				3F60C4721763F63B0043EB2A /* model */,
				3F60C46E1763F3960043EB2A /* utils */,
				3F60C46A1763C4810043EB2A /* views */,
			);
			name = Classes;
			sourceTree = "<group>";
		};
		3F60C46E1763F3960043EB2A /* utils */ = {
			isa = PBXGroup;
			children = (
				EE6E82A017660E9200A17859 /* KMLParser.h */,
				EE6E82A117660E9200A17859 /* KMLParser.m */,
				3F60C46F1763F3A70043EB2A /* URLParser.h */,
				3F60C4701763F3A70043EB2A /* URLParser.m */,
			);
			name = utils;
			sourceTree = "<group>";
		};
		3F60C4721763F63B0043EB2A /* model */ = {
			isa = PBXGroup;
			children = (
				3F81111E17642E4700975702 /* value objects */,
				3F81111F17642EE300975702 /* LocationModel.h */,
				3F81112017642EE300975702 /* LocationModel.m */,
				3F0E2F0417653E3000D41BD6 /* Constants.h */,
				3F0E2F0517653E3000D41BD6 /* Constants.m */,
			);
			name = model;
			sourceTree = "<group>";
		};
		3F81110E1764179F00975702 /* Libraries */ = {
			isa = PBXGroup;
			children = (
				3FFF3C9D1768FE7A00813BD9 /* UIAlertView-Blocks */,
				EE6E82781765E95A00A17859 /* RMSwipeTableViewCell */,
				3F0E2F0D1765502800D41BD6 /* PrettyKit */,
				3F0E2EE917652A4A00D41BD6 /* MMDrawerController */,
			);
			name = Libraries;
			path = Vendor;
			sourceTree = "<group>";
		};
		3F81111E17642E4700975702 /* value objects */ = {
			isa = PBXGroup;
			children = (
				3F60C4731763F64C0043EB2A /* BZLocation.h */,
				3F60C4741763F64C0043EB2A /* BZLocation.m */,
				EE6E82A317660FBB00A17859 /* BZOverlay.h */,
				EE6E82A417660FBB00A17859 /* BZOverlay.m */,
			);
			name = "value objects";
			sourceTree = "<group>";
		};
		3FFA271E1767DD7900E7B9F3 /* app icons and splash */ = {
			isa = PBXGroup;
			children = (
				3FFA273E1767E49400E7B9F3 /* Default-568h@2x.png */,
				3FFA273C1767E48C00E7B9F3 /* Default@2x.png */,
				3FFA273A1767E48200E7B9F3 /* Default.png */,
				3F0E2F321767DC4000D41BD6 /* AppIcons_Icon@2x.png */,
				3F0E2F301767DC3D00D41BD6 /* AppIcons_Icon.png */,
			);
			name = "app icons and splash";
			sourceTree = "<group>";
		};
		3FFA272F1767DD9B00E7B9F3 /* misc */ = {
			isa = PBXGroup;
			children = (
				3FFA271F1767DD9700E7B9F3 /* header.png */,
				3FFA27201767DD9700E7B9F3 /* header@2x.png */,
				3FFA27211767DD9700E7B9F3 /* plus.png */,
				3FFA27221767DD9700E7B9F3 /* plus@2x.png */,
				3FFA27231767DD9700E7B9F3 /* SidebarButton.png */,
				3FFA27241767DD9700E7B9F3 /* SidebarButton@2x.png */,
				3FFA27251767DD9700E7B9F3 /* title.png */,
				3FFA27261767DD9700E7B9F3 /* title@2x.png */,
			);
			name = misc;
			sourceTree = "<group>";
		};
		3FFF3C9D1768FE7A00813BD9 /* UIAlertView-Blocks */ = {
			isa = PBXGroup;
			children = (
				3FFF3C9E1768FE7A00813BD9 /* README.md */,
				3FFF3C9F1768FE7A00813BD9 /* RIButtonItem.h */,
				3FFF3CA01768FE7A00813BD9 /* RIButtonItem.m */,
				3FFF3CA11768FE7A00813BD9 /* UIActionSheet+Blocks.h */,
				3FFF3CA21768FE7A00813BD9 /* UIActionSheet+Blocks.m */,
				3FFF3CA31768FE7A00813BD9 /* UIAlertView+Blocks.h */,
				3FFF3CA41768FE7A00813BD9 /* UIAlertView+Blocks.m */,
			);
			path = "UIAlertView-Blocks";
			sourceTree = "<group>";
		};
		EE6E82781765E95A00A17859 /* RMSwipeTableViewCell */ = {
			isa = PBXGroup;
			children = (
				EE6E82791765E96C00A17859 /* RMSwipeTableViewCell.h */,
				EE6E827A1765E96C00A17859 /* RMSwipeTableViewCell.m */,
				EE6E827B1765E96C00A17859 /* README.md */,
				EE6E827C1765E96C00A17859 /* LICENSE */,
			);
			name = RMSwipeTableViewCell;
			sourceTree = "<group>";
		};
		EE6E82831765F19E00A17859 /* images */ = {
			isa = PBXGroup;
			children = (
				3FFA272F1767DD9B00E7B9F3 /* misc */,
				3FFA271E1767DD7900E7B9F3 /* app icons and splash */,
				3F0E2F3D1767DCCA00D41BD6 /* compass */,
				3F0E2F341767DCA400D41BD6 /* tableviews */,
			);
			name = images;
			sourceTree = "<group>";
		};
/* End PBXGroup section */

/* Begin PBXNativeTarget section */
		3F60C4211763BE140043EB2A /* MapMessage */ = {
			isa = PBXNativeTarget;
			buildConfigurationList = 3F60C45A1763BE140043EB2A /* Build configuration list for PBXNativeTarget "MapMessage" */;
			buildPhases = (
				3F60C41E1763BE140043EB2A /* Sources */,
				3F60C41F1763BE140043EB2A /* Frameworks */,
				3F60C4201763BE140043EB2A /* Resources */,
			);
			buildRules = (
			);
			dependencies = (
			);
			name = MapMessage;
			productName = MampMessage;
			productReference = 3F60C4221763BE140043EB2A /* MapMessage.app */;
			productType = "com.apple.product-type.application";
		};
		3F60C4461763BE140043EB2A /* MapMessageTests */ = {
			isa = PBXNativeTarget;
			buildConfigurationList = 3F60C45D1763BE140043EB2A /* Build configuration list for PBXNativeTarget "MapMessageTests" */;
			buildPhases = (
				3F60C4421763BE140043EB2A /* Sources */,
				3F60C4431763BE140043EB2A /* Frameworks */,
				3F60C4441763BE140043EB2A /* Resources */,
				3F60C4451763BE140043EB2A /* ShellScript */,
			);
			buildRules = (
			);
			dependencies = (
				3F60C44E1763BE140043EB2A /* PBXTargetDependency */,
			);
			name = MapMessageTests;
			productName = MampMessageTests;
			productReference = 3F60C4471763BE140043EB2A /* MapMessageTests.octest */;
			productType = "com.apple.product-type.bundle";
		};
/* End PBXNativeTarget section */

/* Begin PBXProject section */
		3F60C41A1763BE140043EB2A /* Project object */ = {
			isa = PBXProject;
			attributes = {
				CLASSPREFIX = MM;
				LastUpgradeCheck = 0460;
				ORGANIZATIONNAME = Chappelltime;
			};
			buildConfigurationList = 3F60C41D1763BE140043EB2A /* Build configuration list for PBXProject "MapMessage" */;
			compatibilityVersion = "Xcode 3.2";
			developmentRegion = English;
			hasScannedForEncodings = 0;
			knownRegions = (
				en,
			);
			mainGroup = 3F60C4191763BE140043EB2A;
			productRefGroup = 3F60C4231763BE140043EB2A /* Products */;
			projectDirPath = "";
			projectRoot = "";
			targets = (
				3F60C4211763BE140043EB2A /* MapMessage */,
				3F60C4461763BE140043EB2A /* MapMessageTests */,
			);
		};
/* End PBXProject section */

/* Begin PBXResourcesBuildPhase section */
		3F60C4201763BE140043EB2A /* Resources */ = {
			isa = PBXResourcesBuildPhase;
			buildActionMask = 2147483647;
			files = (
				3F60C4321763BE140043EB2A /* InfoPlist.strings in Resources */,
				3F60C43A1763BE140043EB2A /* Default.png in Resources */,
				3F60C43C1763BE140043EB2A /* Default@2x.png in Resources */,
				3F60C43E1763BE140043EB2A /* Default-568h@2x.png in Resources */,
				3F60C4641763C3270043EB2A /* iPhone.storyboard in Resources */,
				EE6E827E1765E96C00A17859 /* README.md in Resources */,
				EE6E827F1765E96C00A17859 /* LICENSE in Resources */,
				EE6E828E1765F1B800A17859 /* CheckmarkGreen.png in Resources */,
				EE6E828F1765F1B800A17859 /* CheckmarkGreen@2x.png in Resources */,
				EE6E82901765F1B800A17859 /* CheckmarkGrey.png in Resources */,
				EE6E82911765F1B800A17859 /* CheckmarkGrey@2x.png in Resources */,
				EE6E82921765F1B800A17859 /* CheckmarkProfileImage.png in Resources */,
				EE6E82931765F1B800A17859 /* CheckmarkProfileImage@2x.png in Resources */,
				EE6E82941765F1B800A17859 /* DeleteGrey.png in Resources */,
				EE6E82951765F1B800A17859 /* DeleteGrey@2x.png in Resources */,
				EE6E82961765F1B800A17859 /* DeleteRed.png in Resources */,
				EE6E82971765F1B800A17859 /* DeleteRed@2x.png in Resources */,
				3FFF3CA51768FE7A00813BD9 /* README.md in Resources */,
				3F0E2F311767DC3D00D41BD6 /* AppIcons_Icon.png in Resources */,
				3F0E2F331767DC4000D41BD6 /* AppIcons_Icon@2x.png in Resources */,
				3F0E2F391767DCC200D41BD6 /* CompassSelected.png in Resources */,
				3F0E2F3A1767DCC200D41BD6 /* CompassSelected@2x.png in Resources */,
				3F0E2F3B1767DCC200D41BD6 /* CompassUnselected.png in Resources */,
				3F0E2F3C1767DCC200D41BD6 /* CompassUnselected@2x.png in Resources */,
				3FFA27271767DD9700E7B9F3 /* header.png in Resources */,
				3FFA27281767DD9700E7B9F3 /* header@2x.png in Resources */,
				3FFA27291767DD9700E7B9F3 /* plus.png in Resources */,
				3FFA272A1767DD9700E7B9F3 /* plus@2x.png in Resources */,
				3FFA272B1767DD9700E7B9F3 /* SidebarButton.png in Resources */,
				3FFA272C1767DD9700E7B9F3 /* SidebarButton@2x.png in Resources */,
				3FFA272D1767DD9700E7B9F3 /* title.png in Resources */,
				3FFA272E1767DD9700E7B9F3 /* title@2x.png in Resources */,
				3FFA273B1767E48200E7B9F3 /* Default.png in Resources */,
				3FFA273D1767E48C00E7B9F3 /* Default@2x.png in Resources */,
				3FFA273F1767E49400E7B9F3 /* Default-568h@2x.png in Resources */,
			);
			runOnlyForDeploymentPostprocessing = 0;
		};
		3F60C4441763BE140043EB2A /* Resources */ = {
			isa = PBXResourcesBuildPhase;
			buildActionMask = 2147483647;
			files = (
				3F60C4541763BE140043EB2A /* InfoPlist.strings in Resources */,
			);
			runOnlyForDeploymentPostprocessing = 0;
		};
/* End PBXResourcesBuildPhase section */

/* Begin PBXShellScriptBuildPhase section */
		3F60C4451763BE140043EB2A /* ShellScript */ = {
			isa = PBXShellScriptBuildPhase;
			buildActionMask = 2147483647;
			files = (
			);
			inputPaths = (
			);
			outputPaths = (
			);
			runOnlyForDeploymentPostprocessing = 0;
			shellPath = /bin/sh;
			shellScript = "# Run the unit tests in this test bundle.\n\"${SYSTEM_DEVELOPER_DIR}/Tools/RunUnitTests\"\n";
		};
/* End PBXShellScriptBuildPhase section */

/* Begin PBXSourcesBuildPhase section */
		3F60C41E1763BE140043EB2A /* Sources */ = {
			isa = PBXSourcesBuildPhase;
			buildActionMask = 2147483647;
			files = (
				3F60C4341763BE140043EB2A /* main.m in Sources */,
				3F60C4381763BE140043EB2A /* MMAppDelegate.m in Sources */,
				3F60C4411763BE140043EB2A /* MapMessage.xcdatamodeld in Sources */,
				3F60C4671763C3AA0043EB2A /* MapViewController.m in Sources */,
				3F60C4711763F3A70043EB2A /* URLParser.m in Sources */,
				3F60C4751763F64C0043EB2A /* BZLocation.m in Sources */,
				3F81111B1764195400975702 /* HistoryViewController.m in Sources */,
				3FFF3CA71768FE7A00813BD9 /* UIActionSheet+Blocks.m in Sources */,
				3F81112117642EE300975702 /* LocationModel.m in Sources */,
				3F0E2EF217652A4A00D41BD6 /* MMDrawerBarButtonItem.m in Sources */,
				3F0E2EF317652A4A00D41BD6 /* MMDrawerController.m in Sources */,
				3F0E2EF417652A4A00D41BD6 /* MMDrawerVisualState.m in Sources */,
				3F0E2EF517652A4A00D41BD6 /* UIViewController+MMDrawerController.m in Sources */,
				3F0E2F0717653F1900D41BD6 /* Constants.m in Sources */,
				3F0E2F08176544F100D41BD6 /* MMTableViewCell.m in Sources */,
				3F0E2F09176544F100D41BD6 /* MMSideDrawerTableViewCell.m in Sources */,
				3FFF3CA61768FE7A00813BD9 /* RIButtonItem.m in Sources */,
				3FFF3CA81768FE7A00813BD9 /* UIAlertView+Blocks.m in Sources */,
				3F0E2F0A176544F100D41BD6 /* MMCenterTableViewCell.m in Sources */,
				3F0E2F0B176544F100D41BD6 /* MMSideDrawerSectionHeaderView.m in Sources */,
				3F0E2F101765504200D41BD6 /* PrettyNavigationController.m in Sources */,
				3F0E2F251765508B00D41BD6 /* PrettyCustomViewTableViewCell.m in Sources */,
				3F0E2F261765508B00D41BD6 /* PrettyGridTableViewCell.m in Sources */,
				3F0E2F271765508B00D41BD6 /* PrettySegmentedControlTableViewCell.m in Sources */,
				3F0E2F281765508B00D41BD6 /* PrettyTableViewCell.m in Sources */,
				3F0E2F291765508B00D41BD6 /* PrettyDrawing.m in Sources */,
				3F0E2F2A1765508B00D41BD6 /* PrettyNavigationBar.m in Sources */,
				3F0E2F2B1765508B00D41BD6 /* PrettyShadowPlainTableview.m in Sources */,
				3F0E2F2C1765508B00D41BD6 /* PrettyTabBar.m in Sources */,
				3F0E2F2D1765508B00D41BD6 /* PrettyToolbar.m in Sources */,
				EE6E827D1765E96C00A17859 /* RMSwipeTableViewCell.m in Sources */,
				EE6E82821765F15E00A17859 /* HistoryViewCell.m in Sources */,
				EE6E82A217660E9200A17859 /* KMLParser.m in Sources */,
				EE6E82A517660FBB00A17859 /* BZOverlay.m in Sources */,
			);
			runOnlyForDeploymentPostprocessing = 0;
		};
		3F60C4421763BE140043EB2A /* Sources */ = {
			isa = PBXSourcesBuildPhase;
			buildActionMask = 2147483647;
			files = (
				3F60C4571763BE140043EB2A /* MapMessageTests.m in Sources */,
			);
			runOnlyForDeploymentPostprocessing = 0;
		};
/* End PBXSourcesBuildPhase section */

/* Begin PBXTargetDependency section */
		3F60C44E1763BE140043EB2A /* PBXTargetDependency */ = {
			isa = PBXTargetDependency;
			target = 3F60C4211763BE140043EB2A /* MapMessage */;
			targetProxy = 3F60C44D1763BE140043EB2A /* PBXContainerItemProxy */;
		};
/* End PBXTargetDependency section */

/* Begin PBXVariantGroup section */
		3F60C4301763BE140043EB2A /* InfoPlist.strings */ = {
			isa = PBXVariantGroup;
			children = (
				3F60C4311763BE140043EB2A /* en */,
			);
			name = InfoPlist.strings;
			sourceTree = "<group>";
		};
		3F60C4521763BE140043EB2A /* InfoPlist.strings */ = {
			isa = PBXVariantGroup;
			children = (
				3F60C4531763BE140043EB2A /* en */,
			);
			name = InfoPlist.strings;
			sourceTree = "<group>";
		};
/* End PBXVariantGroup section */

/* Begin XCBuildConfiguration section */
		3F60C4581763BE140043EB2A /* Debug */ = {
			isa = XCBuildConfiguration;
			buildSettings = {
				ALWAYS_SEARCH_USER_PATHS = NO;
				CLANG_CXX_LANGUAGE_STANDARD = "gnu++0x";
				CLANG_CXX_LIBRARY = "libc++";
				CLANG_ENABLE_OBJC_ARC = YES;
				CLANG_WARN_CONSTANT_CONVERSION = YES;
				CLANG_WARN_EMPTY_BODY = YES;
				CLANG_WARN_ENUM_CONVERSION = YES;
				CLANG_WARN_INT_CONVERSION = YES;
				CLANG_WARN__DUPLICATE_METHOD_MATCH = YES;
				"CODE_SIGN_IDENTITY[sdk=iphoneos*]" = "iPhone Developer";
				COPY_PHASE_STRIP = NO;
				GCC_C_LANGUAGE_STANDARD = gnu99;
				GCC_DYNAMIC_NO_PIC = NO;
				GCC_OPTIMIZATION_LEVEL = 0;
				GCC_PREPROCESSOR_DEFINITIONS = (
					"DEBUG=1",
					"$(inherited)",
				);
				GCC_SYMBOLS_PRIVATE_EXTERN = NO;
				GCC_WARN_ABOUT_RETURN_TYPE = YES;
				GCC_WARN_UNINITIALIZED_AUTOS = YES;
				GCC_WARN_UNUSED_VARIABLE = YES;
				IPHONEOS_DEPLOYMENT_TARGET = 6.1;
				ONLY_ACTIVE_ARCH = YES;
				SDKROOT = iphoneos;
			};
			name = Debug;
		};
		3F60C4591763BE140043EB2A /* Release */ = {
			isa = XCBuildConfiguration;
			buildSettings = {
				ALWAYS_SEARCH_USER_PATHS = NO;
				CLANG_CXX_LANGUAGE_STANDARD = "gnu++0x";
				CLANG_CXX_LIBRARY = "libc++";
				CLANG_ENABLE_OBJC_ARC = YES;
				CLANG_WARN_CONSTANT_CONVERSION = YES;
				CLANG_WARN_EMPTY_BODY = YES;
				CLANG_WARN_ENUM_CONVERSION = YES;
				CLANG_WARN_INT_CONVERSION = YES;
				CLANG_WARN__DUPLICATE_METHOD_MATCH = YES;
				"CODE_SIGN_IDENTITY[sdk=iphoneos*]" = "iPhone Developer";
				COPY_PHASE_STRIP = YES;
				GCC_C_LANGUAGE_STANDARD = gnu99;
				GCC_WARN_ABOUT_RETURN_TYPE = YES;
				GCC_WARN_UNINITIALIZED_AUTOS = YES;
				GCC_WARN_UNUSED_VARIABLE = YES;
				IPHONEOS_DEPLOYMENT_TARGET = 6.1;
				OTHER_CFLAGS = "-DNS_BLOCK_ASSERTIONS=1";
				SDKROOT = iphoneos;
				VALIDATE_PRODUCT = YES;
			};
			name = Release;
		};
		3F60C45B1763BE140043EB2A /* Debug */ = {
			isa = XCBuildConfiguration;
			buildSettings = {
				GCC_PRECOMPILE_PREFIX_HEADER = YES;
				GCC_PREFIX_HEADER = "MampMessage/MapMessage-Prefix.pch";
				INFOPLIST_FILE = "MampMessage/MapMessage-Info.plist";
				IPHONEOS_DEPLOYMENT_TARGET = 6.1;
				PRODUCT_NAME = MapMessage;
				TARGETED_DEVICE_FAMILY = 1;
				WRAPPER_EXTENSION = app;
			};
			name = Debug;
		};
		3F60C45C1763BE140043EB2A /* Release */ = {
			isa = XCBuildConfiguration;
			buildSettings = {
				GCC_PRECOMPILE_PREFIX_HEADER = YES;
				GCC_PREFIX_HEADER = "MampMessage/MapMessage-Prefix.pch";
				INFOPLIST_FILE = "MampMessage/MapMessage-Info.plist";
				IPHONEOS_DEPLOYMENT_TARGET = 6.1;
				PRODUCT_NAME = MapMessage;
				TARGETED_DEVICE_FAMILY = 1;
				WRAPPER_EXTENSION = app;
			};
			name = Release;
		};
		3F60C45E1763BE140043EB2A /* Debug */ = {
			isa = XCBuildConfiguration;
			buildSettings = {
				BUNDLE_LOADER = "$(BUILT_PRODUCTS_DIR)/MampMessage.app/MampMessage";
				FRAMEWORK_SEARCH_PATHS = (
					"\"$(SDKROOT)/Developer/Library/Frameworks\"",
					"\"$(DEVELOPER_LIBRARY_DIR)/Frameworks\"",
				);
				GCC_PRECOMPILE_PREFIX_HEADER = YES;
				GCC_PREFIX_HEADER = "MampMessage/MampMessage-Prefix.pch";
				INFOPLIST_FILE = "MampMessageTests/MapMessageTests-Info.plist";
				PRODUCT_NAME = MapMessageTests;
				TEST_HOST = "$(BUNDLE_LOADER)";
				WRAPPER_EXTENSION = octest;
			};
			name = Debug;
		};
		3F60C45F1763BE140043EB2A /* Release */ = {
			isa = XCBuildConfiguration;
			buildSettings = {
				BUNDLE_LOADER = "$(BUILT_PRODUCTS_DIR)/MampMessage.app/MampMessage";
				FRAMEWORK_SEARCH_PATHS = (
					"\"$(SDKROOT)/Developer/Library/Frameworks\"",
					"\"$(DEVELOPER_LIBRARY_DIR)/Frameworks\"",
				);
				GCC_PRECOMPILE_PREFIX_HEADER = YES;
				GCC_PREFIX_HEADER = "MampMessage/MampMessage-Prefix.pch";
				INFOPLIST_FILE = "MampMessageTests/MapMessageTests-Info.plist";
				PRODUCT_NAME = MapMessageTests;
				TEST_HOST = "$(BUNDLE_LOADER)";
				WRAPPER_EXTENSION = octest;
			};
			name = Release;
		};
/* End XCBuildConfiguration section */

/* Begin XCConfigurationList section */
		3F60C41D1763BE140043EB2A /* Build configuration list for PBXProject "MapMessage" */ = {
			isa = XCConfigurationList;
			buildConfigurations = (
				3F60C4581763BE140043EB2A /* Debug */,
				3F60C4591763BE140043EB2A /* Release */,
			);
			defaultConfigurationIsVisible = 0;
			defaultConfigurationName = Release;
		};
		3F60C45A1763BE140043EB2A /* Build configuration list for PBXNativeTarget "MapMessage" */ = {
			isa = XCConfigurationList;
			buildConfigurations = (
				3F60C45B1763BE140043EB2A /* Debug */,
				3F60C45C1763BE140043EB2A /* Release */,
			);
			defaultConfigurationIsVisible = 0;
			defaultConfigurationName = Release;
		};
		3F60C45D1763BE140043EB2A /* Build configuration list for PBXNativeTarget "MapMessageTests" */ = {
			isa = XCConfigurationList;
			buildConfigurations = (
				3F60C45E1763BE140043EB2A /* Debug */,
				3F60C45F1763BE140043EB2A /* Release */,
			);
			defaultConfigurationIsVisible = 0;
			defaultConfigurationName = Release;
		};
/* End XCConfigurationList section */

/* Begin XCVersionGroup section */
		3F60C43F1763BE140043EB2A /* MapMessage.xcdatamodeld */ = {
			isa = XCVersionGroup;
			children = (
				3F60C4401763BE140043EB2A /* MapMessage.xcdatamodel */,
			);
			currentVersion = 3F60C4401763BE140043EB2A /* MapMessage.xcdatamodel */;
			path = MapMessage.xcdatamodeld;
			sourceTree = "<group>";
			versionGroupType = wrapper.xcdatamodel;
		};
/* End XCVersionGroup section */
	};
	rootObject = 3F60C41A1763BE140043EB2A /* Project object */;
}
